
Microsoft Visual Studio Solution File, Format Version 12.00
# Visual Studio Version 16
VisualStudioVersion = 16.0.30413.136
MinimumVisualStudioVersion = 10.0.40219.1
Project("{9A19103F-16F7-4668-BE54-9A1E7A4F7556}") = "DataAccess", "DataAccess\DataAccess.csproj", "{7C6FBE7E-4D16-4C7C-ADD4-61197C7DC649}"
EndProject
Project("{9A19103F-16F7-4668-BE54-9A1E7A4F7556}") = "Business", "Business\Business.csproj", "{879FC1AC-2F4F-489A-88FA-97D393B52DFF}"
EndProject
Project("{9A19103F-16F7-4668-BE54-9A1E7A4F7556}") = "Entities", "Entities\Entities.csproj", "{07EC614A-6D05-4D81-88AC-23CC881923F2}"
EndProject
Project("{9A19103F-16F7-4668-BE54-9A1E7A4F7556}") = "ConsoleUI", "ConsoleUI\ConsoleUI.csproj", "{600A3C09-2CE9-45AB-A9A7-D4D9DCD39041}"
EndProject
Project("{FAE04EC0-301F-11D3-BF4B-00C04F79EFBC}") = "Core", "Core\Core.csproj", "{C53A1304-3144-4CF1-AA83-03E27E9FC452}"
EndProject
Global
	GlobalSection(SolutionConfigurationPlatforms) = preSolution
		Debug|Any CPU = Debug|Any CPU
		Release|Any CPU = Release|Any CPU
	EndGlobalSection
	GlobalSection(ProjectConfigurationPlatforms) = postSolution
		{7C6FBE7E-4D16-4C7C-ADD4-61197C7DC649}.Debug|Any CPU.ActiveCfg = Debug|Any CPU
		{7C6FBE7E-4D16-4C7C-ADD4-61197C7DC649}.Debug|Any CPU.Build.0 = Debug|Any CPU
		{7C6FBE7E-4D16-4C7C-ADD4-61197C7DC649}.Release|Any CPU.ActiveCfg = Release|Any CPU
		{7C6FBE7E-4D16-4C7C-ADD4-61197C7DC649}.Release|Any CPU.Build.0 = Release|Any CPU
		{879FC1AC-2F4F-489A-88FA-97D393B52DFF}.Debug|Any CPU.ActiveCfg = Debug|Any CPU
		{879FC1AC-2F4F-489A-88FA-97D393B52DFF}.Debug|Any CPU.Build.0 = Debug|Any CPU
		{879FC1AC-2F4F-489A-88FA-97D393B52DFF}.Release|Any CPU.ActiveCfg = Release|Any CPU
		{879FC1AC-2F4F-489A-88FA-97D393B52DFF}.Release|Any CPU.Build.0 = Release|Any CPU
		{07EC614A-6D05-4D81-88AC-23CC881923F2}.Debug|Any CPU.ActiveCfg = Debug|Any CPU
		{07EC614A-6D05-4D81-88AC-23CC881923F2}.Debug|Any CPU.Build.0 = Debug|Any CPU
		{07EC614A-6D05-4D81-88AC-23CC881923F2}.Release|Any CPU.ActiveCfg = Release|Any CPU
		{07EC614A-6D05-4D81-88AC-23CC881923F2}.Release|Any CPU.Build.0 = Release|Any CPU
		{600A3C09-2CE9-45AB-A9A7-D4D9DCD39041}.Debug|Any CPU.ActiveCfg = Debug|Any CPU
		{600A3C09-2CE9-45AB-A9A7-D4D9DCD39041}.Debug|Any CPU.Build.0 = Debug|Any CPU
		{600A3C09-2CE9-45AB-A9A7-D4D9DCD39041}.Release|Any CPU.ActiveCfg = Release|Any CPU
		{600A3C09-2CE9-45AB-A9A7-D4D9DCD39041}.Release|Any CPU.Build.0 = Release|Any CPU
		{C53A1304-3144-4CF1-AA83-03E27E9FC452}.Debug|Any CPU.ActiveCfg = Debug|Any CPU
		{C53A1304-3144-4CF1-AA83-03E27E9FC452}.Debug|Any CPU.Build.0 = Debug|Any CPU
		{C53A1304-3144-4CF1-AA83-03E27E9FC452}.Release|Any CPU.ActiveCfg = Release|Any CPU
		{C53A1304-3144-4CF1-AA83-03E27E9FC452}.Release|Any CPU.Build.0 = Release|Any CPU
	EndGlobalSection
	GlobalSection(SolutionProperties) = preSolution
		HideSolutionNode = FALSE
	EndGlobalSection
	GlobalSection(ExtensibilityGlobals) = postSolution
		SolutionGuid = {67F08B48-7BB4-4FE8-8F42-4F5D74ACEFB4}
	EndGlobalSection
EndGlobal
